{"format_version":"0.1","terraform_version":"0.12.20","variables":{"cluster_name":{"value":"dev"},"project":{"value":"gke-cluster"},"region":{"value":"australia-southeast1"}},"planned_values":{"outputs":{"gke_enable_legacy_abac":{"sensitive":false,"value":false},"gke_issue_client_cert":{"sensitive":false,"value":false},"gke_location":{"sensitive":false,"value":"australia-southeast1"},"gke_logging":{"sensitive":false,"value":"logging.googleapis.com/kubernetes"},"gke_master_cidr_block":{"sensitive":false,"value":"172.16.0.16/28"},"gke_master_password":{"sensitive":false,"value":""},"gke_master_username":{"sensitive":false,"value":""},"gke_monitoring":{"sensitive":false,"value":"monitoring.googleapis.com/kubernetes"},"gke_network_policy":{"sensitive":false,"value":true},"gke_network_policy_config":{"sensitive":false,"value":false},"gke_private_endpoint":{"sensitive":false,"value":true},"gke_private_nodes":{"sensitive":false,"value":true}},"root_module":{"resources":[{"address":"google_container_cluster.cluster","mode":"managed","type":"google_container_cluster","name":"cluster","provider_name":"google","schema_version":1,"values":{"addons_config":[{"kubernetes_dashboard":[{"disabled":true}],"network_policy_config":[{"disabled":false}]}],"description":null,"enable_intranode_visibility":null,"enable_kubernetes_alpha":false,"enable_legacy_abac":false,"initial_node_count":1,"ip_allocation_policy":[{"use_ip_aliases":true}],"location":"australia-southeast1","logging_service":"logging.googleapis.com/kubernetes","maintenance_policy":[],"master_auth":[{"client_certificate_config":[{"issue_client_certificate":false}],"password":"","username":""}],"master_authorized_networks_config":[{"cidr_blocks":[{"cidr_block":"144.132.96.146/32","display_name":"homeoffice"}]}],"min_master_version":null,"monitoring_service":"monitoring.googleapis.com/kubernetes","name":"dev","network":"default","network_policy":[{"enabled":true,"provider":null}],"pod_security_policy_config":[],"private_cluster_config":[{"enable_private_endpoint":true,"enable_private_nodes":true,"master_ipv4_cidr_block":"172.16.0.16/28"}],"project":"gke-cluster","remove_default_node_pool":true,"resource_labels":null,"timeouts":{"create":"30m","delete":"30m","update":"30m"}}},{"address":"google_container_node_pool.private-np-1","mode":"managed","type":"google_container_node_pool","name":"private-np-1","provider_name":"google-beta","schema_version":1,"values":{"autoscaling":[],"cluster":"dev","location":"australia-southeast1","management":[{"auto_repair":true,"auto_upgrade":false}],"name":"private-np-1","node_config":[{"disk_size_gb":30,"disk_type":"pd-ssd","image_type":"COS","labels":{"cluster":"dev"},"machine_type":"n1-standard-2","metadata":{"disable-legacy-endpoints":"true","google-compute-enable-virtio-rng":"true"},"min_cpu_platform":null,"oauth_scopes":["https://www.googleapis.com/auth/devstorage.read_only","https://www.googleapis.com/auth/logging.write","https://www.googleapis.com/auth/monitoring","https://www.googleapis.com/auth/service.management.readonly","https://www.googleapis.com/auth/servicecontrol","https://www.googleapis.com/auth/trace.append"],"preemptible":false,"sandbox_config":[],"tags":null,"taint":[],"workload_metadata_config":[{"node_metadata":"GKE_METADATA_SERVER"}]}],"node_count":1,"timeouts":null}}]}},"resource_changes":[{"address":"google_container_cluster.cluster","mode":"managed","type":"google_container_cluster","name":"cluster","provider_name":"google","change":{"actions":["create"],"before":null,"after":{"addons_config":[{"kubernetes_dashboard":[{"disabled":true}],"network_policy_config":[{"disabled":false}]}],"description":null,"enable_intranode_visibility":null,"enable_kubernetes_alpha":false,"enable_legacy_abac":false,"initial_node_count":1,"ip_allocation_policy":[{"use_ip_aliases":true}],"location":"australia-southeast1","logging_service":"logging.googleapis.com/kubernetes","maintenance_policy":[],"master_auth":[{"client_certificate_config":[{"issue_client_certificate":false}],"password":"","username":""}],"master_authorized_networks_config":[{"cidr_blocks":[{"cidr_block":"144.132.96.146/32","display_name":"homeoffice"}]}],"min_master_version":null,"monitoring_service":"monitoring.googleapis.com/kubernetes","name":"dev","network":"default","network_policy":[{"enabled":true,"provider":null}],"pod_security_policy_config":[],"private_cluster_config":[{"enable_private_endpoint":true,"enable_private_nodes":true,"master_ipv4_cidr_block":"172.16.0.16/28"}],"project":"gke-cluster","remove_default_node_pool":true,"resource_labels":null,"timeouts":{"create":"30m","delete":"30m","update":"30m"}},"after_unknown":{"additional_zones":true,"addons_config":[{"horizontal_pod_autoscaling":true,"http_load_balancing":true,"kubernetes_dashboard":[{}],"network_policy_config":[{}]}],"cluster_autoscaling":true,"cluster_ipv4_cidr":true,"default_max_pods_per_node":true,"enable_binary_authorization":true,"enable_tpu":true,"endpoint":true,"id":true,"instance_group_urls":true,"ip_allocation_policy":[{"cluster_ipv4_cidr_block":true,"cluster_secondary_range_name":true,"create_subnetwork":true,"node_ipv4_cidr_block":true,"services_ipv4_cidr_block":true,"services_secondary_range_name":true,"subnetwork_name":true}],"maintenance_policy":[],"master_auth":[{"client_certificate":true,"client_certificate_config":[{}],"client_key":true,"cluster_ca_certificate":true}],"master_authorized_networks_config":[{"cidr_blocks":[{}]}],"master_version":true,"network_policy":[{}],"node_config":true,"node_locations":true,"node_pool":true,"node_version":true,"pod_security_policy_config":[],"private_cluster_config":[{"private_endpoint":true,"public_endpoint":true}],"region":true,"services_ipv4_cidr":true,"subnetwork":true,"timeouts":{},"zone":true}}},{"address":"google_container_node_pool.private-np-1","mode":"managed","type":"google_container_node_pool","name":"private-np-1","provider_name":"google-beta","change":{"actions":["create"],"before":null,"after":{"autoscaling":[],"cluster":"dev","location":"australia-southeast1","management":[{"auto_repair":true,"auto_upgrade":false}],"name":"private-np-1","node_config":[{"disk_size_gb":30,"disk_type":"pd-ssd","image_type":"COS","labels":{"cluster":"dev"},"machine_type":"n1-standard-2","metadata":{"disable-legacy-endpoints":"true","google-compute-enable-virtio-rng":"true"},"min_cpu_platform":null,"oauth_scopes":["https://www.googleapis.com/auth/devstorage.read_only","https://www.googleapis.com/auth/logging.write","https://www.googleapis.com/auth/monitoring","https://www.googleapis.com/auth/service.management.readonly","https://www.googleapis.com/auth/servicecontrol","https://www.googleapis.com/auth/trace.append"],"preemptible":false,"sandbox_config":[],"tags":null,"taint":[],"workload_metadata_config":[{"node_metadata":"GKE_METADATA_SERVER"}]}],"node_count":1,"timeouts":null},"after_unknown":{"autoscaling":[],"id":true,"initial_node_count":true,"instance_group_urls":true,"management":[{}],"max_pods_per_node":true,"name_prefix":true,"node_config":[{"guest_accelerator":true,"labels":{},"local_ssd_count":true,"metadata":{},"oauth_scopes":[false,false,false,false,false,false],"sandbox_config":[],"service_account":true,"shielded_instance_config":true,"taint":[],"workload_metadata_config":[{}]}],"node_locations":true,"project":true,"region":true,"version":true,"zone":true}}}],"output_changes":{"gke_enable_legacy_abac":{"actions":["create"],"before":null,"after":false,"after_unknown":false},"gke_issue_client_cert":{"actions":["create"],"before":null,"after":false,"after_unknown":false},"gke_location":{"actions":["create"],"before":null,"after":"australia-southeast1","after_unknown":false},"gke_logging":{"actions":["create"],"before":null,"after":"logging.googleapis.com/kubernetes","after_unknown":false},"gke_master_cidr_block":{"actions":["create"],"before":null,"after":"172.16.0.16/28","after_unknown":false},"gke_master_password":{"actions":["create"],"before":null,"after":"","after_unknown":false},"gke_master_username":{"actions":["create"],"before":null,"after":"","after_unknown":false},"gke_monitoring":{"actions":["create"],"before":null,"after":"monitoring.googleapis.com/kubernetes","after_unknown":false},"gke_network_policy":{"actions":["create"],"before":null,"after":true,"after_unknown":false},"gke_network_policy_config":{"actions":["create"],"before":null,"after":false,"after_unknown":false},"gke_private_endpoint":{"actions":["create"],"before":null,"after":true,"after_unknown":false},"gke_private_nodes":{"actions":["create"],"before":null,"after":true,"after_unknown":false}},"configuration":{"provider_config":{"google":{"name":"google","expressions":{"credentials":{},"project":{"constant_value":"gke-cluster"},"region":{"constant_value":"australia-southeast1"}}},"google-beta":{"name":"google-beta","expressions":{"credentials":{},"project":{"constant_value":"gke-cluster"},"region":{"constant_value":"australia-southeast1"}}}},"root_module":{"outputs":{"gke_enable_legacy_abac":{"expression":{"references":["google_container_cluster.cluster"]}},"gke_issue_client_cert":{"expression":{"references":["google_container_cluster.cluster"]}},"gke_location":{"expression":{"references":["google_container_cluster.cluster"]}},"gke_logging":{"expression":{"references":["google_container_cluster.cluster"]}},"gke_master_cidr_block":{"expression":{"references":["google_container_cluster.cluster"]}},"gke_master_password":{"expression":{"references":["google_container_cluster.cluster"]}},"gke_master_username":{"expression":{"references":["google_container_cluster.cluster"]}},"gke_monitoring":{"expression":{"references":["google_container_cluster.cluster"]}},"gke_network_policy":{"expression":{"references":["google_container_cluster.cluster"]}},"gke_network_policy_config":{"expression":{"references":["google_container_cluster.cluster"]}},"gke_private_endpoint":{"expression":{"references":["google_container_cluster.cluster"]}},"gke_private_nodes":{"expression":{"references":["google_container_cluster.cluster"]}}},"resources":[{"address":"google_container_cluster.cluster","mode":"managed","type":"google_container_cluster","name":"cluster","provider_config_key":"google","expressions":{"addons_config":[{"kubernetes_dashboard":[{"disabled":{"constant_value":true}}],"network_policy_config":[{"disabled":{"constant_value":false}}]}],"initial_node_count":{"constant_value":1},"location":{"references":["var.region"]},"logging_service":{"constant_value":"logging.googleapis.com/kubernetes"},"master_auth":[{"client_certificate_config":[{"issue_client_certificate":{"constant_value":"false"}}],"password":{"constant_value":""},"username":{"constant_value":""}}],"master_authorized_networks_config":[{"cidr_blocks":[{"cidr_block":{"constant_value":"144.132.96.146/32"},"display_name":{"constant_value":"homeoffice"}}]}],"monitoring_service":{"constant_value":"monitoring.googleapis.com/kubernetes"},"name":{"references":["var.cluster_name"]},"network_policy":[{"enabled":{"constant_value":"true"}}],"private_cluster_config":[{"enable_private_endpoint":{"constant_value":"true"},"enable_private_nodes":{"constant_value":"true"},"master_ipv4_cidr_block":{"constant_value":"172.16.0.16/28"}}],"project":{"references":["var.project"]},"remove_default_node_pool":{"constant_value":"true"},"timeouts":{"create":{"constant_value":"30m"},"delete":{"constant_value":"30m"},"update":{"constant_value":"30m"}}},"schema_version":1},{"address":"google_container_node_pool.private-np-1","mode":"managed","type":"google_container_node_pool","name":"private-np-1","provider_config_key":"google-beta","expressions":{"cluster":{"references":["google_container_cluster.cluster"]},"location":{"references":["var.region"]},"management":[{"auto_repair":{"constant_value":"true"},"auto_upgrade":{"constant_value":"false"}}],"name":{"constant_value":"private-np-1"},"node_config":[{"disk_size_gb":{"constant_value":30},"disk_type":{"constant_value":"pd-ssd"},"image_type":{"constant_value":"COS"},"labels":{"references":["var.cluster_name"]},"machine_type":{"constant_value":"n1-standard-2"},"metadata":{"constant_value":{"disable-legacy-endpoints":"true","google-compute-enable-virtio-rng":"true"}},"oauth_scopes":{"constant_value":["https://www.googleapis.com/auth/devstorage.read_only","https://www.googleapis.com/auth/logging.write","https://www.googleapis.com/auth/monitoring","https://www.googleapis.com/auth/servicecontrol","https://www.googleapis.com/auth/service.management.readonly","https://www.googleapis.com/auth/trace.append"]},"workload_metadata_config":[{"node_metadata":{"constant_value":"GKE_METADATA_SERVER"}}]}],"node_count":{"constant_value":"1"}},"schema_version":1,"depends_on":["google_container_cluster.cluster"]}],"variables":{"cluster_name":{"default":"private-cluster","description":"The name to give the new Kubernetes cluster."},"project":{"description":"The project in which to hold the components"},"region":{"description":"The region in which to create the VPC network"}}}}}
